// !$*UTF8*$!
{
	archiveVersion = 1;
	classes = {
	};
	objectVersion = 51;
	objects = {

/* Begin PBXBuildFile section */
		10AF5BCFDE683EF263097B7D /* Pods_asuTask.framework in Frameworks */ = {isa = PBXBuildFile; fileRef = 7626D7D828462F30DFECD34F /* Pods_asuTask.framework */; };
		3904B96B234600D30048BCA2 /* TaskMemoController.swift in Sources */ = {isa = PBXBuildFile; fileRef = 3904B96A234600D20048BCA2 /* TaskMemoController.swift */; };
		393A0DA3235200290016DB7B /* TomorrowsViewController.swift in Sources */ = {isa = PBXBuildFile; fileRef = 393A0DA2235200290016DB7B /* TomorrowsViewController.swift */; };
		393FA754233F05E500ADBF01 /* AppDelegate.swift in Sources */ = {isa = PBXBuildFile; fileRef = 393FA753233F05E500ADBF01 /* AppDelegate.swift */; };
		393FA756233F05E500ADBF01 /* ViewController.swift in Sources */ = {isa = PBXBuildFile; fileRef = 393FA755233F05E500ADBF01 /* ViewController.swift */; };
		393FA759233F05E500ADBF01 /* Main.storyboard in Resources */ = {isa = PBXBuildFile; fileRef = 393FA757233F05E500ADBF01 /* Main.storyboard */; };
		393FA75E233F05EC00ADBF01 /* LaunchScreen.storyboard in Resources */ = {isa = PBXBuildFile; fileRef = 393FA75C233F05EC00ADBF01 /* LaunchScreen.storyboard */; };
		393FA766233F21D600ADBF01 /* NextViewController.swift in Sources */ = {isa = PBXBuildFile; fileRef = 393FA765233F21D600ADBF01 /* NextViewController.swift */; };
		393FA768234098D900ADBF01 /* Assets.xcassets in Resources */ = {isa = PBXBuildFile; fileRef = 393FA767234098D900ADBF01 /* Assets.xcassets */; };
		3973F61123F23B28008ED34A /* LevelUpModalForDetailViewController.swift in Sources */ = {isa = PBXBuildFile; fileRef = 3973F61023F23B28008ED34A /* LevelUpModalForDetailViewController.swift */; };
		3977CFDA23DEBD8E00D32F3D /* LevelUpModalViewController.swift in Sources */ = {isa = PBXBuildFile; fileRef = 3977CFD923DEBD8E00D32F3D /* LevelUpModalViewController.swift */; };
		3979EEEE23F4F7B20055F0F6 /* TomorrowsTask.swift in Sources */ = {isa = PBXBuildFile; fileRef = 3979EEED23F4F7B20055F0F6 /* TomorrowsTask.swift */; };
		3979EEF023F4F8930055F0F6 /* CustomTableViewCellForTomorrows.swift in Sources */ = {isa = PBXBuildFile; fileRef = 3979EEEF23F4F8930055F0F6 /* CustomTableViewCellForTomorrows.swift */; };
		3979EEF223F503400055F0F6 /* NextViewControllerForTomorrows.swift in Sources */ = {isa = PBXBuildFile; fileRef = 3979EEF123F503400055F0F6 /* NextViewControllerForTomorrows.swift */; };
		397CF76C23434D4B0087D9A5 /* DetailViewController.swift in Sources */ = {isa = PBXBuildFile; fileRef = 397CF76B23434D4B0087D9A5 /* DetailViewController.swift */; };
		397D01CD2350714600289A13 /* SettingViewController.swift in Sources */ = {isa = PBXBuildFile; fileRef = 397D01CC2350714500289A13 /* SettingViewController.swift */; };
		39A3199F235368E000F597D3 /* MessageUI.framework in Frameworks */ = {isa = PBXBuildFile; fileRef = 39A3199E235368E000F597D3 /* MessageUI.framework */; };
		39D1E4CE23FFCF69006D161C /* iPhone8plus.storyboard in Resources */ = {isa = PBXBuildFile; fileRef = 39D1E4CD23FFCF69006D161C /* iPhone8plus.storyboard */; };
		39D1E4D023FFD22B006D161C /* iPhoneXS.storyboard in Resources */ = {isa = PBXBuildFile; fileRef = 39D1E4CF23FFD22B006D161C /* iPhoneXS.storyboard */; };
		39D1E4D223FFD23D006D161C /* iPhoneXSMAX.storyboard in Resources */ = {isa = PBXBuildFile; fileRef = 39D1E4D123FFD23D006D161C /* iPhoneXSMAX.storyboard */; };
		39D1E4D423FFD288006D161C /* iPhoneSe.storyboard in Resources */ = {isa = PBXBuildFile; fileRef = 39D1E4D323FFD288006D161C /* iPhoneSe.storyboard */; };
		39D8AF2F23F6DD110083C408 /* TaskMemo.swift in Sources */ = {isa = PBXBuildFile; fileRef = 39D8AF2E23F6DD110083C408 /* TaskMemo.swift */; };
		39D8AF3123F90B9A0083C408 /* DetailViewControllerForTomorrows.swift in Sources */ = {isa = PBXBuildFile; fileRef = 39D8AF3023F90B9A0083C408 /* DetailViewControllerForTomorrows.swift */; };
		39E8B0A423E6D40A00C169FB /* CommonFunction.swift in Sources */ = {isa = PBXBuildFile; fileRef = 39E8B0A323E6D40A00C169FB /* CommonFunction.swift */; };
		39E8B0A623E6E0DB00C169FB /* TodaysTask.swift in Sources */ = {isa = PBXBuildFile; fileRef = 39E8B0A523E6E0DB00C169FB /* TodaysTask.swift */; };
		39E8B0AB23E8613B00C169FB /* User.swift in Sources */ = {isa = PBXBuildFile; fileRef = 39E8B0AA23E8613A00C169FB /* User.swift */; };
		39E8EACF2393B0120019B0BD /* CustomTableViewCell.swift in Sources */ = {isa = PBXBuildFile; fileRef = 39E8EACE2393B0120019B0BD /* CustomTableViewCell.swift */; };
		39E8EAD12393BC770019B0BD /* CheckBox.swift in Sources */ = {isa = PBXBuildFile; fileRef = 39E8EAD02393BC770019B0BD /* CheckBox.swift */; };
/* End PBXBuildFile section */

/* Begin PBXFileReference section */
		3904B96A234600D20048BCA2 /* TaskMemoController.swift */ = {isa = PBXFileReference; lastKnownFileType = sourcecode.swift; path = TaskMemoController.swift; sourceTree = "<group>"; };
		393A0DA2235200290016DB7B /* TomorrowsViewController.swift */ = {isa = PBXFileReference; lastKnownFileType = sourcecode.swift; path = TomorrowsViewController.swift; sourceTree = "<group>"; };
		393FA750233F05E500ADBF01 /* asuTask.app */ = {isa = PBXFileReference; explicitFileType = wrapper.application; includeInIndex = 0; path = asuTask.app; sourceTree = BUILT_PRODUCTS_DIR; };
		393FA753233F05E500ADBF01 /* AppDelegate.swift */ = {isa = PBXFileReference; lastKnownFileType = sourcecode.swift; path = AppDelegate.swift; sourceTree = "<group>"; };
		393FA755233F05E500ADBF01 /* ViewController.swift */ = {isa = PBXFileReference; lastKnownFileType = sourcecode.swift; path = ViewController.swift; sourceTree = "<group>"; };
		393FA758233F05E500ADBF01 /* Base */ = {isa = PBXFileReference; lastKnownFileType = file.storyboard; name = Base; path = Base.lproj/Main.storyboard; sourceTree = "<group>"; };
		393FA75D233F05EC00ADBF01 /* Base */ = {isa = PBXFileReference; lastKnownFileType = file.storyboard; name = Base; path = Base.lproj/LaunchScreen.storyboard; sourceTree = "<group>"; };
		393FA75F233F05EC00ADBF01 /* Info.plist */ = {isa = PBXFileReference; lastKnownFileType = text.plist.xml; path = Info.plist; sourceTree = "<group>"; };
		393FA765233F21D600ADBF01 /* NextViewController.swift */ = {isa = PBXFileReference; lastKnownFileType = sourcecode.swift; path = NextViewController.swift; sourceTree = "<group>"; };
		393FA767234098D900ADBF01 /* Assets.xcassets */ = {isa = PBXFileReference; lastKnownFileType = folder.assetcatalog; path = Assets.xcassets; sourceTree = "<group>"; };
		3973F61023F23B28008ED34A /* LevelUpModalForDetailViewController.swift */ = {isa = PBXFileReference; lastKnownFileType = sourcecode.swift; path = LevelUpModalForDetailViewController.swift; sourceTree = "<group>"; };
		3977CFD923DEBD8E00D32F3D /* LevelUpModalViewController.swift */ = {isa = PBXFileReference; lastKnownFileType = sourcecode.swift; path = LevelUpModalViewController.swift; sourceTree = "<group>"; };
		3979EEED23F4F7B20055F0F6 /* TomorrowsTask.swift */ = {isa = PBXFileReference; lastKnownFileType = sourcecode.swift; path = TomorrowsTask.swift; sourceTree = "<group>"; };
		3979EEEF23F4F8930055F0F6 /* CustomTableViewCellForTomorrows.swift */ = {isa = PBXFileReference; lastKnownFileType = sourcecode.swift; path = CustomTableViewCellForTomorrows.swift; sourceTree = "<group>"; };
		3979EEF123F503400055F0F6 /* NextViewControllerForTomorrows.swift */ = {isa = PBXFileReference; lastKnownFileType = sourcecode.swift; path = NextViewControllerForTomorrows.swift; sourceTree = "<group>"; };
		397CF76B23434D4B0087D9A5 /* DetailViewController.swift */ = {isa = PBXFileReference; lastKnownFileType = sourcecode.swift; path = DetailViewController.swift; sourceTree = "<group>"; };
		397D01CC2350714500289A13 /* SettingViewController.swift */ = {isa = PBXFileReference; lastKnownFileType = sourcecode.swift; path = SettingViewController.swift; sourceTree = "<group>"; };
		39A3199E235368E000F597D3 /* MessageUI.framework */ = {isa = PBXFileReference; lastKnownFileType = wrapper.framework; name = MessageUI.framework; path = System/Library/Frameworks/MessageUI.framework; sourceTree = SDKROOT; };
		39CDF67F8A609501CBE47581 /* Pods-asuTask.debug.xcconfig */ = {isa = PBXFileReference; includeInIndex = 1; lastKnownFileType = text.xcconfig; name = "Pods-asuTask.debug.xcconfig"; path = "Target Support Files/Pods-asuTask/Pods-asuTask.debug.xcconfig"; sourceTree = "<group>"; };
		39D1E4CD23FFCF69006D161C /* iPhone8plus.storyboard */ = {isa = PBXFileReference; lastKnownFileType = file.storyboard; path = iPhone8plus.storyboard; sourceTree = "<group>"; };
		39D1E4CF23FFD22B006D161C /* iPhoneXS.storyboard */ = {isa = PBXFileReference; lastKnownFileType = file.storyboard; path = iPhoneXS.storyboard; sourceTree = "<group>"; };
		39D1E4D123FFD23D006D161C /* iPhoneXSMAX.storyboard */ = {isa = PBXFileReference; lastKnownFileType = file.storyboard; path = iPhoneXSMAX.storyboard; sourceTree = "<group>"; };
		39D1E4D323FFD288006D161C /* iPhoneSe.storyboard */ = {isa = PBXFileReference; lastKnownFileType = file.storyboard; path = iPhoneSe.storyboard; sourceTree = "<group>"; };
		39D8AF2E23F6DD110083C408 /* TaskMemo.swift */ = {isa = PBXFileReference; lastKnownFileType = sourcecode.swift; path = TaskMemo.swift; sourceTree = "<group>"; };
		39D8AF3023F90B9A0083C408 /* DetailViewControllerForTomorrows.swift */ = {isa = PBXFileReference; lastKnownFileType = sourcecode.swift; path = DetailViewControllerForTomorrows.swift; sourceTree = "<group>"; };
		39E8B0A323E6D40A00C169FB /* CommonFunction.swift */ = {isa = PBXFileReference; lastKnownFileType = sourcecode.swift; path = CommonFunction.swift; sourceTree = "<group>"; };
		39E8B0A523E6E0DB00C169FB /* TodaysTask.swift */ = {isa = PBXFileReference; lastKnownFileType = sourcecode.swift; path = TodaysTask.swift; sourceTree = "<group>"; };
		39E8B0AA23E8613A00C169FB /* User.swift */ = {isa = PBXFileReference; lastKnownFileType = sourcecode.swift; path = User.swift; sourceTree = "<group>"; };
		39E8EACE2393B0120019B0BD /* CustomTableViewCell.swift */ = {isa = PBXFileReference; lastKnownFileType = sourcecode.swift; path = CustomTableViewCell.swift; sourceTree = "<group>"; };
		39E8EAD02393BC770019B0BD /* CheckBox.swift */ = {isa = PBXFileReference; lastKnownFileType = sourcecode.swift; path = CheckBox.swift; sourceTree = "<group>"; };
		7626D7D828462F30DFECD34F /* Pods_asuTask.framework */ = {isa = PBXFileReference; explicitFileType = wrapper.framework; includeInIndex = 0; path = Pods_asuTask.framework; sourceTree = BUILT_PRODUCTS_DIR; };
		BB93E00E16C4B675BE821E00 /* Pods-asuTask.release.xcconfig */ = {isa = PBXFileReference; includeInIndex = 1; lastKnownFileType = text.xcconfig; name = "Pods-asuTask.release.xcconfig"; path = "Target Support Files/Pods-asuTask/Pods-asuTask.release.xcconfig"; sourceTree = "<group>"; };
/* End PBXFileReference section */

/* Begin PBXFrameworksBuildPhase section */
		393FA74D233F05E500ADBF01 /* Frameworks */ = {
			isa = PBXFrameworksBuildPhase;
			buildActionMask = 2147483647;
			files = (
				39A3199F235368E000F597D3 /* MessageUI.framework in Frameworks */,
				10AF5BCFDE683EF263097B7D /* Pods_asuTask.framework in Frameworks */,
			);
			runOnlyForDeploymentPostprocessing = 0;
		};
/* End PBXFrameworksBuildPhase section */

/* Begin PBXGroup section */
		393FA747233F05E500ADBF01 = {
			isa = PBXGroup;
			children = (
				393FA752233F05E500ADBF01 /* asuTask */,
				393FA751233F05E500ADBF01 /* Products */,
				39A3199D235368DF00F597D3 /* Frameworks */,
				46D3604AC1398D2594A238E2 /* Pods */,
			);
			sourceTree = "<group>";
		};
		393FA751233F05E500ADBF01 /* Products */ = {
			isa = PBXGroup;
			children = (
				393FA750233F05E500ADBF01 /* asuTask.app */,
			);
			name = Products;
			sourceTree = "<group>";
		};
		393FA752233F05E500ADBF01 /* asuTask */ = {
			isa = PBXGroup;
			children = (
				39E8B0A223E6D30D00C169FB /* Resource */,
				39E8B0A123E6D30000C169FB /* Common */,
				39E8B09A23E6BF6800C169FB /* Model */,
				39E8B09B23E6BF8000C169FB /* View */,
				39E8B09C23E6BF8A00C169FB /* Controller */,
				393FA75F233F05EC00ADBF01 /* Info.plist */,
			);
			path = asuTask;
			sourceTree = "<group>";
		};
		39A3199D235368DF00F597D3 /* Frameworks */ = {
			isa = PBXGroup;
			children = (
				39A3199E235368E000F597D3 /* MessageUI.framework */,
				7626D7D828462F30DFECD34F /* Pods_asuTask.framework */,
			);
			name = Frameworks;
			sourceTree = "<group>";
		};
		39E8B09A23E6BF6800C169FB /* Model */ = {
			isa = PBXGroup;
			children = (
				39E8EACE2393B0120019B0BD /* CustomTableViewCell.swift */,
				39E8EAD02393BC770019B0BD /* CheckBox.swift */,
				39E8B0A523E6E0DB00C169FB /* TodaysTask.swift */,
				39E8B0AA23E8613A00C169FB /* User.swift */,
				3979EEED23F4F7B20055F0F6 /* TomorrowsTask.swift */,
				3979EEEF23F4F8930055F0F6 /* CustomTableViewCellForTomorrows.swift */,
				39D8AF2E23F6DD110083C408 /* TaskMemo.swift */,
			);
			path = Model;
			sourceTree = "<group>";
		};
		39E8B09B23E6BF8000C169FB /* View */ = {
			isa = PBXGroup;
			children = (
				393FA757233F05E500ADBF01 /* Main.storyboard */,
				39D1E4CD23FFCF69006D161C /* iPhone8plus.storyboard */,
				393FA75C233F05EC00ADBF01 /* LaunchScreen.storyboard */,
				39D1E4CF23FFD22B006D161C /* iPhoneXS.storyboard */,
				39D1E4D123FFD23D006D161C /* iPhoneXSMAX.storyboard */,
				39D1E4D323FFD288006D161C /* iPhoneSe.storyboard */,
			);
			path = View;
			sourceTree = "<group>";
		};
		39E8B09C23E6BF8A00C169FB /* Controller */ = {
			isa = PBXGroup;
			children = (
				3977CFD923DEBD8E00D32F3D /* LevelUpModalViewController.swift */,
				393FA753233F05E500ADBF01 /* AppDelegate.swift */,
				393FA755233F05E500ADBF01 /* ViewController.swift */,
				393FA765233F21D600ADBF01 /* NextViewController.swift */,
				397CF76B23434D4B0087D9A5 /* DetailViewController.swift */,
				3904B96A234600D20048BCA2 /* TaskMemoController.swift */,
				397D01CC2350714500289A13 /* SettingViewController.swift */,
				393A0DA2235200290016DB7B /* TomorrowsViewController.swift */,
				3973F61023F23B28008ED34A /* LevelUpModalForDetailViewController.swift */,
				3979EEF123F503400055F0F6 /* NextViewControllerForTomorrows.swift */,
				39D8AF3023F90B9A0083C408 /* DetailViewControllerForTomorrows.swift */,
			);
			path = Controller;
			sourceTree = "<group>";
		};
		39E8B0A123E6D30000C169FB /* Common */ = {
			isa = PBXGroup;
			children = (
				39E8B0A323E6D40A00C169FB /* CommonFunction.swift */,
			);
			path = Common;
			sourceTree = "<group>";
		};
		39E8B0A223E6D30D00C169FB /* Resource */ = {
			isa = PBXGroup;
			children = (
				393FA767234098D900ADBF01 /* Assets.xcassets */,
			);
			path = Resource;
			sourceTree = "<group>";
		};
		46D3604AC1398D2594A238E2 /* Pods */ = {
			isa = PBXGroup;
			children = (
				39CDF67F8A609501CBE47581 /* Pods-asuTask.debug.xcconfig */,
				BB93E00E16C4B675BE821E00 /* Pods-asuTask.release.xcconfig */,
			);
			path = Pods;
			sourceTree = "<group>";
		};
/* End PBXGroup section */

/* Begin PBXNativeTarget section */
		393FA74F233F05E500ADBF01 /* asuTask */ = {
			isa = PBXNativeTarget;
			buildConfigurationList = 393FA762233F05EC00ADBF01 /* Build configuration list for PBXNativeTarget "asuTask" */;
			buildPhases = (
				FF8790138526A14310859E31 /* [CP] Check Pods Manifest.lock */,
				393FA74C233F05E500ADBF01 /* Sources */,
				393FA74D233F05E500ADBF01 /* Frameworks */,
				393FA74E233F05E500ADBF01 /* Resources */,
				8C3B815FFC01B79F58476E94 /* [CP] Embed Pods Frameworks */,
			);
			buildRules = (
			);
			dependencies = (
			);
			name = asuTask;
			productName = asuTask;
			productReference = 393FA750233F05E500ADBF01 /* asuTask.app */;
			productType = "com.apple.product-type.application";
		};
/* End PBXNativeTarget section */

/* Begin PBXProject section */
		393FA748233F05E500ADBF01 /* Project object */ = {
			isa = PBXProject;
			attributes = {
				LastSwiftUpdateCheck = 1030;
				LastUpgradeCheck = 1030;
				ORGANIZATIONNAME = tk;
				TargetAttributes = {
					393FA74F233F05E500ADBF01 = {
						CreatedOnToolsVersion = 10.3;
					};
				};
			};
			buildConfigurationList = 393FA74B233F05E500ADBF01 /* Build configuration list for PBXProject "asuTask" */;
			compatibilityVersion = "Xcode 9.3";
			developmentRegion = en;
			hasScannedForEncodings = 0;
			knownRegions = (
				en,
				Base,
			);
			mainGroup = 393FA747233F05E500ADBF01;
			productRefGroup = 393FA751233F05E500ADBF01 /* Products */;
			projectDirPath = "";
			projectRoot = "";
			targets = (
				393FA74F233F05E500ADBF01 /* asuTask */,
			);
		};
/* End PBXProject section */

/* Begin PBXResourcesBuildPhase section */
		393FA74E233F05E500ADBF01 /* Resources */ = {
			isa = PBXResourcesBuildPhase;
			buildActionMask = 2147483647;
			files = (
				39D1E4D023FFD22B006D161C /* iPhoneXS.storyboard in Resources */,
				39D1E4D223FFD23D006D161C /* iPhoneXSMAX.storyboard in Resources */,
				39D1E4CE23FFCF69006D161C /* iPhone8plus.storyboard in Resources */,
				39D1E4D423FFD288006D161C /* iPhoneSe.storyboard in Resources */,
				393FA75E233F05EC00ADBF01 /* LaunchScreen.storyboard in Resources */,
				393FA768234098D900ADBF01 /* Assets.xcassets in Resources */,
				393FA759233F05E500ADBF01 /* Main.storyboard in Resources */,
			);
			runOnlyForDeploymentPostprocessing = 0;
		};
/* End PBXResourcesBuildPhase section */

/* Begin PBXShellScriptBuildPhase section */
		8C3B815FFC01B79F58476E94 /* [CP] Embed Pods Frameworks */ = {
			isa = PBXShellScriptBuildPhase;
			buildActionMask = 2147483647;
			files = (
			);
			inputFileListPaths = (
				"${PODS_ROOT}/Target Support Files/Pods-asuTask/Pods-asuTask-frameworks-${CONFIGURATION}-input-files.xcfilelist",
			);
			name = "[CP] Embed Pods Frameworks";
			outputFileListPaths = (
				"${PODS_ROOT}/Target Support Files/Pods-asuTask/Pods-asuTask-frameworks-${CONFIGURATION}-output-files.xcfilelist",
			);
			runOnlyForDeploymentPostprocessing = 0;
			shellPath = /bin/sh;
			shellScript = "\"${PODS_ROOT}/Target Support Files/Pods-asuTask/Pods-asuTask-frameworks.sh\"\n";
			showEnvVarsInLog = 0;
		};
		FF8790138526A14310859E31 /* [CP] Check Pods Manifest.lock */ = {
			isa = PBXShellScriptBuildPhase;
			buildActionMask = 2147483647;
			files = (
			);
			inputFileListPaths = (
			);
			inputPaths = (
				"${PODS_PODFILE_DIR_PATH}/Podfile.lock",
				"${PODS_ROOT}/Manifest.lock",
			);
			name = "[CP] Check Pods Manifest.lock";
			outputFileListPaths = (
			);
			outputPaths = (
				"$(DERIVED_FILE_DIR)/Pods-asuTask-checkManifestLockResult.txt",
			);
			runOnlyForDeploymentPostprocessing = 0;
			shellPath = /bin/sh;
			shellScript = "diff \"${PODS_PODFILE_DIR_PATH}/Podfile.lock\" \"${PODS_ROOT}/Manifest.lock\" > /dev/null\nif [ $? != 0 ] ; then\n    # print error to STDERR\n    echo \"error: The sandbox is not in sync with the Podfile.lock. Run 'pod install' or update your CocoaPods installation.\" >&2\n    exit 1\nfi\n# This output is used by Xcode 'outputs' to avoid re-running this script phase.\necho \"SUCCESS\" > \"${SCRIPT_OUTPUT_FILE_0}\"\n";
			showEnvVarsInLog = 0;
		};
/* End PBXShellScriptBuildPhase section */

/* Begin PBXSourcesBuildPhase section */
		393FA74C233F05E500ADBF01 /* Sources */ = {
			isa = PBXSourcesBuildPhase;
			buildActionMask = 2147483647;
			files = (
				3977CFDA23DEBD8E00D32F3D /* LevelUpModalViewController.swift in Sources */,
				3904B96B234600D30048BCA2 /* TaskMemoController.swift in Sources */,
				39D8AF3123F90B9A0083C408 /* DetailViewControllerForTomorrows.swift in Sources */,
				393A0DA3235200290016DB7B /* TomorrowsViewController.swift in Sources */,
				39E8EAD12393BC770019B0BD /* CheckBox.swift in Sources */,
				39E8B0A623E6E0DB00C169FB /* TodaysTask.swift in Sources */,
				3979EEF223F503400055F0F6 /* NextViewControllerForTomorrows.swift in Sources */,
				39E8EACF2393B0120019B0BD /* CustomTableViewCell.swift in Sources */,
				39E8B0AB23E8613B00C169FB /* User.swift in Sources */,
				393FA756233F05E500ADBF01 /* ViewController.swift in Sources */,
				3979EEF023F4F8930055F0F6 /* CustomTableViewCellForTomorrows.swift in Sources */,
				393FA766233F21D600ADBF01 /* NextViewController.swift in Sources */,
				393FA754233F05E500ADBF01 /* AppDelegate.swift in Sources */,
				3973F61123F23B28008ED34A /* LevelUpModalForDetailViewController.swift in Sources */,
				397CF76C23434D4B0087D9A5 /* DetailViewController.swift in Sources */,
				3979EEEE23F4F7B20055F0F6 /* TomorrowsTask.swift in Sources */,
				39E8B0A423E6D40A00C169FB /* CommonFunction.swift in Sources */,
				397D01CD2350714600289A13 /* SettingViewController.swift in Sources */,
				39D8AF2F23F6DD110083C408 /* TaskMemo.swift in Sources */,
			);
			runOnlyForDeploymentPostprocessing = 0;
		};
/* End PBXSourcesBuildPhase section */

/* Begin PBXVariantGroup section */
		393FA757233F05E500ADBF01 /* Main.storyboard */ = {
			isa = PBXVariantGroup;
			children = (
				393FA758233F05E500ADBF01 /* Base */,
			);
			name = Main.storyboard;
			sourceTree = "<group>";
		};
		393FA75C233F05EC00ADBF01 /* LaunchScreen.storyboard */ = {
			isa = PBXVariantGroup;
			children = (
				393FA75D233F05EC00ADBF01 /* Base */,
			);
			name = LaunchScreen.storyboard;
			sourceTree = "<group>";
		};
/* End PBXVariantGroup section */

/* Begin XCBuildConfiguration section */
		393FA760233F05EC00ADBF01 /* Debug */ = {
			isa = XCBuildConfiguration;
			buildSettings = {
				ALWAYS_SEARCH_USER_PATHS = NO;
				CLANG_ANALYZER_NONNULL = YES;
				CLANG_ANALYZER_NUMBER_OBJECT_CONVERSION = YES_AGGRESSIVE;
				CLANG_CXX_LANGUAGE_STANDARD = "gnu++14";
				CLANG_CXX_LIBRARY = "libc++";
				CLANG_ENABLE_MODULES = YES;
				CLANG_ENABLE_OBJC_ARC = YES;
				CLANG_ENABLE_OBJC_WEAK = YES;
				CLANG_WARN_BLOCK_CAPTURE_AUTORELEASING = YES;
				CLANG_WARN_BOOL_CONVERSION = YES;
				CLANG_WARN_COMMA = YES;
				CLANG_WARN_CONSTANT_CONVERSION = YES;
				CLANG_WARN_DEPRECATED_OBJC_IMPLEMENTATIONS = YES;
				CLANG_WARN_DIRECT_OBJC_ISA_USAGE = YES_ERROR;
				CLANG_WARN_DOCUMENTATION_COMMENTS = YES;
				CLANG_WARN_EMPTY_BODY = YES;
				CLANG_WARN_ENUM_CONVERSION = YES;
				CLANG_WARN_INFINITE_RECURSION = YES;
				CLANG_WARN_INT_CONVERSION = YES;
				CLANG_WARN_NON_LITERAL_NULL_CONVERSION = YES;
				CLANG_WARN_OBJC_IMPLICIT_RETAIN_SELF = YES;
				CLANG_WARN_OBJC_LITERAL_CONVERSION = YES;
				CLANG_WARN_OBJC_ROOT_CLASS = YES_ERROR;
				CLANG_WARN_RANGE_LOOP_ANALYSIS = YES;
				CLANG_WARN_STRICT_PROTOTYPES = YES;
				CLANG_WARN_SUSPICIOUS_MOVE = YES;
				CLANG_WARN_UNGUARDED_AVAILABILITY = YES_AGGRESSIVE;
				CLANG_WARN_UNREACHABLE_CODE = YES;
				CLANG_WARN__DUPLICATE_METHOD_MATCH = YES;
				CODE_SIGN_IDENTITY = "iPhone Developer";
				COPY_PHASE_STRIP = NO;
				DEBUG_INFORMATION_FORMAT = dwarf;
				ENABLE_STRICT_OBJC_MSGSEND = YES;
				ENABLE_TESTABILITY = YES;
				GCC_C_LANGUAGE_STANDARD = gnu11;
				GCC_DYNAMIC_NO_PIC = NO;
				GCC_NO_COMMON_BLOCKS = YES;
				GCC_OPTIMIZATION_LEVEL = 0;
				GCC_PREPROCESSOR_DEFINITIONS = (
					"DEBUG=1",
					"$(inherited)",
				);
				GCC_WARN_64_TO_32_BIT_CONVERSION = YES;
				GCC_WARN_ABOUT_RETURN_TYPE = YES_ERROR;
				GCC_WARN_UNDECLARED_SELECTOR = YES;
				GCC_WARN_UNINITIALIZED_AUTOS = YES_AGGRESSIVE;
				GCC_WARN_UNUSED_FUNCTION = YES;
				GCC_WARN_UNUSED_VARIABLE = YES;
				IPHONEOS_DEPLOYMENT_TARGET = 11.0;
				MTL_ENABLE_DEBUG_INFO = INCLUDE_SOURCE;
				MTL_FAST_MATH = YES;
				ONLY_ACTIVE_ARCH = YES;
				SDKROOT = iphoneos;
				SWIFT_ACTIVE_COMPILATION_CONDITIONS = DEBUG;
				SWIFT_OPTIMIZATION_LEVEL = "-Onone";
			};
			name = Debug;
		};
		393FA761233F05EC00ADBF01 /* Release */ = {
			isa = XCBuildConfiguration;
			buildSettings = {
				ALWAYS_SEARCH_USER_PATHS = NO;
				CLANG_ANALYZER_NONNULL = YES;
				CLANG_ANALYZER_NUMBER_OBJECT_CONVERSION = YES_AGGRESSIVE;
				CLANG_CXX_LANGUAGE_STANDARD = "gnu++14";
				CLANG_CXX_LIBRARY = "libc++";
				CLANG_ENABLE_MODULES = YES;
				CLANG_ENABLE_OBJC_ARC = YES;
				CLANG_ENABLE_OBJC_WEAK = YES;
				CLANG_WARN_BLOCK_CAPTURE_AUTORELEASING = YES;
				CLANG_WARN_BOOL_CONVERSION = YES;
				CLANG_WARN_COMMA = YES;
				CLANG_WARN_CONSTANT_CONVERSION = YES;
				CLANG_WARN_DEPRECATED_OBJC_IMPLEMENTATIONS = YES;
				CLANG_WARN_DIRECT_OBJC_ISA_USAGE = YES_ERROR;
				CLANG_WARN_DOCUMENTATION_COMMENTS = YES;
				CLANG_WARN_EMPTY_BODY = YES;
				CLANG_WARN_ENUM_CONVERSION = YES;
				CLANG_WARN_INFINITE_RECURSION = YES;
				CLANG_WARN_INT_CONVERSION = YES;
				CLANG_WARN_NON_LITERAL_NULL_CONVERSION = YES;
				CLANG_WARN_OBJC_IMPLICIT_RETAIN_SELF = YES;
				CLANG_WARN_OBJC_LITERAL_CONVERSION = YES;
				CLANG_WARN_OBJC_ROOT_CLASS = YES_ERROR;
				CLANG_WARN_RANGE_LOOP_ANALYSIS = YES;
				CLANG_WARN_STRICT_PROTOTYPES = YES;
				CLANG_WARN_SUSPICIOUS_MOVE = YES;
				CLANG_WARN_UNGUARDED_AVAILABILITY = YES_AGGRESSIVE;
				CLANG_WARN_UNREACHABLE_CODE = YES;
				CLANG_WARN__DUPLICATE_METHOD_MATCH = YES;
				CODE_SIGN_IDENTITY = "iPhone Developer";
				COPY_PHASE_STRIP = NO;
				DEBUG_INFORMATION_FORMAT = "dwarf-with-dsym";
				ENABLE_NS_ASSERTIONS = NO;
				ENABLE_STRICT_OBJC_MSGSEND = YES;
				GCC_C_LANGUAGE_STANDARD = gnu11;
				GCC_NO_COMMON_BLOCKS = YES;
				GCC_WARN_64_TO_32_BIT_CONVERSION = YES;
				GCC_WARN_ABOUT_RETURN_TYPE = YES_ERROR;
				GCC_WARN_UNDECLARED_SELECTOR = YES;
				GCC_WARN_UNINITIALIZED_AUTOS = YES_AGGRESSIVE;
				GCC_WARN_UNUSED_FUNCTION = YES;
				GCC_WARN_UNUSED_VARIABLE = YES;
				IPHONEOS_DEPLOYMENT_TARGET = 11.0;
				MTL_ENABLE_DEBUG_INFO = NO;
				MTL_FAST_MATH = YES;
				SDKROOT = iphoneos;
				SWIFT_COMPILATION_MODE = wholemodule;
				SWIFT_OPTIMIZATION_LEVEL = "-O";
				VALIDATE_PRODUCT = YES;
			};
			name = Release;
		};
		393FA763233F05EC00ADBF01 /* Debug */ = {
			isa = XCBuildConfiguration;
			baseConfigurationReference = 39CDF67F8A609501CBE47581 /* Pods-asuTask.debug.xcconfig */;
			buildSettings = {
				ASSETCATALOG_COMPILER_APPICON_NAME = AppIcon;
				CODE_SIGN_STYLE = Automatic;
				CURRENT_PROJECT_VERSION = 1.01;
				DEVELOPMENT_TEAM = 8CF5UBGL4X;
				GCC_OPTIMIZATION_LEVEL = 0;
				"GCC_OPTIMIZATION_LEVEL[arch=*]" = 0;
				INFOPLIST_FILE = asuTask/Info.plist;
				IPHONEOS_DEPLOYMENT_TARGET = 13.0;
				LD_RUNPATH_SEARCH_PATHS = (
					"$(inherited)",
					"@executable_path/Frameworks",
				);
				MARKETING_VERSION = 1.1;
				PRODUCT_BUNDLE_IDENTIFIER = com.yandex.kanatake.asuTask;
				PRODUCT_NAME = "$(TARGET_NAME)";
				SWIFT_VERSION = 5.0;
				TARGETED_DEVICE_FAMILY = 1;
			};
			name = Debug;
		};
		393FA764233F05EC00ADBF01 /* Release */ = {
			isa = XCBuildConfiguration;
			baseConfigurationReference = BB93E00E16C4B675BE821E00 /* Pods-asuTask.release.xcconfig */;
			buildSettings = {
				ASSETCATALOG_COMPILER_APPICON_NAME = AppIcon;
				CODE_SIGN_STYLE = Automatic;
				CURRENT_PROJECT_VERSION = 1.01;
				DEVELOPMENT_TEAM = 8CF5UBGL4X;
				INFOPLIST_FILE = asuTask/Info.plist;
				IPHONEOS_DEPLOYMENT_TARGET = 13.0;
				LD_RUNPATH_SEARCH_PATHS = (
					"$(inherited)",
					"@executable_path/Frameworks",
				);
				MARKETING_VERSION = 1.1;
				PRODUCT_BUNDLE_IDENTIFIER = com.yandex.kanatake.asuTask;
				PRODUCT_NAME = "$(TARGET_NAME)";
				SWIFT_VERSION = 5.0;
				TARGETED_DEVICE_FAMILY = 1;
			};
			name = Release;
		};
/* End XCBuildConfiguration section */

/* Begin XCConfigurationList section */
		393FA74B233F05E500ADBF01 /* Build configuration list for PBXProject "asuTask" */ = {
			isa = XCConfigurationList;
			buildConfigurations = (
				393FA760233F05EC00ADBF01 /* Debug */,
				393FA761233F05EC00ADBF01 /* Release */,
			);
			defaultConfigurationIsVisible = 0;
			defaultConfigurationName = Release;
		};
		393FA762233F05EC00ADBF01 /* Build configuration list for PBXNativeTarget "asuTask" */ = {
			isa = XCConfigurationList;
			buildConfigurations = (
				393FA763233F05EC00ADBF01 /* Debug */,
				393FA764233F05EC00ADBF01 /* Release */,
			);
			defaultConfigurationIsVisible = 0;
			defaultConfigurationName = Release;
		};
/* End XCConfigurationList section */
	};
	rootObject = 393FA748233F05E500ADBF01 /* Project object */;
}
