// !$*UTF8*$!
{
	archiveVersion = 1;
	classes = {
	};
	objectVersion = 50;
	objects = {

/* Begin PBXBuildFile section */
		3904B96B234600D30048BCA2 /* TaskMemoController.swift in Sources */ = {isa = PBXBuildFile; fileRef = 3904B96A234600D20048BCA2 /* TaskMemoController.swift */; };
		393A0DA3235200290016DB7B /* TomorrowsViewController.swift in Sources */ = {isa = PBXBuildFile; fileRef = 393A0DA2235200290016DB7B /* TomorrowsViewController.swift */; };
		393FA754233F05E500ADBF01 /* AppDelegate.swift in Sources */ = {isa = PBXBuildFile; fileRef = 393FA753233F05E500ADBF01 /* AppDelegate.swift */; };
		393FA756233F05E500ADBF01 /* ViewController.swift in Sources */ = {isa = PBXBuildFile; fileRef = 393FA755233F05E500ADBF01 /* ViewController.swift */; };
		393FA759233F05E500ADBF01 /* Main.storyboard in Resources */ = {isa = PBXBuildFile; fileRef = 393FA757233F05E500ADBF01 /* Main.storyboard */; };
		393FA75E233F05EC00ADBF01 /* LaunchScreen.storyboard in Resources */ = {isa = PBXBuildFile; fileRef = 393FA75C233F05EC00ADBF01 /* LaunchScreen.storyboard */; };
		393FA766233F21D600ADBF01 /* NextViewController.swift in Sources */ = {isa = PBXBuildFile; fileRef = 393FA765233F21D600ADBF01 /* NextViewController.swift */; };
		393FA768234098D900ADBF01 /* Assets.xcassets in Resources */ = {isa = PBXBuildFile; fileRef = 393FA767234098D900ADBF01 /* Assets.xcassets */; };
		397CF76C23434D4B0087D9A5 /* DetailViewController.swift in Sources */ = {isa = PBXBuildFile; fileRef = 397CF76B23434D4B0087D9A5 /* DetailViewController.swift */; };
		397D01CD2350714600289A13 /* SettingViewController.swift in Sources */ = {isa = PBXBuildFile; fileRef = 397D01CC2350714500289A13 /* SettingViewController.swift */; };
		39A3199F235368E000F597D3 /* MessageUI.framework in Frameworks */ = {isa = PBXBuildFile; fileRef = 39A3199E235368E000F597D3 /* MessageUI.framework */; };
		39E8EACF2393B0120019B0BD /* CustomTableViewCell.swift in Sources */ = {isa = PBXBuildFile; fileRef = 39E8EACE2393B0120019B0BD /* CustomTableViewCell.swift */; };
		39E8EAD12393BC770019B0BD /* CheckBox.swift in Sources */ = {isa = PBXBuildFile; fileRef = 39E8EAD02393BC770019B0BD /* CheckBox.swift */; };
/* End PBXBuildFile section */

/* Begin PBXFileReference section */
		3904B96A234600D20048BCA2 /* TaskMemoController.swift */ = {isa = PBXFileReference; lastKnownFileType = sourcecode.swift; path = TaskMemoController.swift; sourceTree = "<group>"; };
		393A0DA2235200290016DB7B /* TomorrowsViewController.swift */ = {isa = PBXFileReference; lastKnownFileType = sourcecode.swift; path = TomorrowsViewController.swift; sourceTree = "<group>"; };
		393FA750233F05E500ADBF01 /* asuTask.app */ = {isa = PBXFileReference; explicitFileType = wrapper.application; includeInIndex = 0; path = asuTask.app; sourceTree = BUILT_PRODUCTS_DIR; };
		393FA753233F05E500ADBF01 /* AppDelegate.swift */ = {isa = PBXFileReference; lastKnownFileType = sourcecode.swift; path = AppDelegate.swift; sourceTree = "<group>"; };
		393FA755233F05E500ADBF01 /* ViewController.swift */ = {isa = PBXFileReference; lastKnownFileType = sourcecode.swift; path = ViewController.swift; sourceTree = "<group>"; };
		393FA758233F05E500ADBF01 /* Base */ = {isa = PBXFileReference; lastKnownFileType = file.storyboard; name = Base; path = Base.lproj/Main.storyboard; sourceTree = "<group>"; };
		393FA75D233F05EC00ADBF01 /* Base */ = {isa = PBXFileReference; lastKnownFileType = file.storyboard; name = Base; path = Base.lproj/LaunchScreen.storyboard; sourceTree = "<group>"; };
		393FA75F233F05EC00ADBF01 /* Info.plist */ = {isa = PBXFileReference; lastKnownFileType = text.plist.xml; path = Info.plist; sourceTree = "<group>"; };
		393FA765233F21D600ADBF01 /* NextViewController.swift */ = {isa = PBXFileReference; lastKnownFileType = sourcecode.swift; path = NextViewController.swift; sourceTree = "<group>"; };
		393FA767234098D900ADBF01 /* Assets.xcassets */ = {isa = PBXFileReference; lastKnownFileType = folder.assetcatalog; path = Assets.xcassets; sourceTree = "<group>"; };
		397CF76B23434D4B0087D9A5 /* DetailViewController.swift */ = {isa = PBXFileReference; lastKnownFileType = sourcecode.swift; path = DetailViewController.swift; sourceTree = "<group>"; };
		397D01CC2350714500289A13 /* SettingViewController.swift */ = {isa = PBXFileReference; lastKnownFileType = sourcecode.swift; path = SettingViewController.swift; sourceTree = "<group>"; };
		39A3199E235368E000F597D3 /* MessageUI.framework */ = {isa = PBXFileReference; lastKnownFileType = wrapper.framework; name = MessageUI.framework; path = System/Library/Frameworks/MessageUI.framework; sourceTree = SDKROOT; };
		39E8EACE2393B0120019B0BD /* CustomTableViewCell.swift */ = {isa = PBXFileReference; lastKnownFileType = sourcecode.swift; path = CustomTableViewCell.swift; sourceTree = "<group>"; };
		39E8EAD02393BC770019B0BD /* CheckBox.swift */ = {isa = PBXFileReference; lastKnownFileType = sourcecode.swift; path = CheckBox.swift; sourceTree = "<group>"; };
/* End PBXFileReference section */

/* Begin PBXFrameworksBuildPhase section */
		393FA74D233F05E500ADBF01 /* Frameworks */ = {
			isa = PBXFrameworksBuildPhase;
			buildActionMask = 2147483647;
			files = (
				39A3199F235368E000F597D3 /* MessageUI.framework in Frameworks */,
			);
			runOnlyForDeploymentPostprocessing = 0;
		};
/* End PBXFrameworksBuildPhase section */

/* Begin PBXGroup section */
		393FA747233F05E500ADBF01 = {
			isa = PBXGroup;
			children = (
				393FA752233F05E500ADBF01 /* asuTask */,
				393FA751233F05E500ADBF01 /* Products */,
				39A3199D235368DF00F597D3 /* Frameworks */,
			);
			sourceTree = "<group>";
		};
		393FA751233F05E500ADBF01 /* Products */ = {
			isa = PBXGroup;
			children = (
				393FA750233F05E500ADBF01 /* asuTask.app */,
			);
			name = Products;
			sourceTree = "<group>";
		};
		393FA752233F05E500ADBF01 /* asuTask */ = {
			isa = PBXGroup;
			children = (
				393FA753233F05E500ADBF01 /* AppDelegate.swift */,
				393FA755233F05E500ADBF01 /* ViewController.swift */,
				393FA765233F21D600ADBF01 /* NextViewController.swift */,
				397CF76B23434D4B0087D9A5 /* DetailViewController.swift */,
				3904B96A234600D20048BCA2 /* TaskMemoController.swift */,
				397D01CC2350714500289A13 /* SettingViewController.swift */,
				393A0DA2235200290016DB7B /* TomorrowsViewController.swift */,
				393FA757233F05E500ADBF01 /* Main.storyboard */,
				393FA75C233F05EC00ADBF01 /* LaunchScreen.storyboard */,
				393FA767234098D900ADBF01 /* Assets.xcassets */,
				393FA75F233F05EC00ADBF01 /* Info.plist */,
				39E8EACE2393B0120019B0BD /* CustomTableViewCell.swift */,
				39E8EAD02393BC770019B0BD /* CheckBox.swift */,
			);
			path = asuTask;
			sourceTree = "<group>";
		};
		39A3199D235368DF00F597D3 /* Frameworks */ = {
			isa = PBXGroup;
			children = (
				39A3199E235368E000F597D3 /* MessageUI.framework */,
			);
			name = Frameworks;
			sourceTree = "<group>";
		};
/* End PBXGroup section */

/* Begin PBXNativeTarget section */
		393FA74F233F05E500ADBF01 /* asuTask */ = {
			isa = PBXNativeTarget;
			buildConfigurationList = 393FA762233F05EC00ADBF01 /* Build configuration list for PBXNativeTarget "asuTask" */;
			buildPhases = (
				393FA74C233F05E500ADBF01 /* Sources */,
				393FA74D233F05E500ADBF01 /* Frameworks */,
				393FA74E233F05E500ADBF01 /* Resources */,
			);
			buildRules = (
			);
			dependencies = (
			);
			name = asuTask;
			productName = asuTask;
			productReference = 393FA750233F05E500ADBF01 /* asuTask.app */;
			productType = "com.apple.product-type.application";
		};
/* End PBXNativeTarget section */

/* Begin PBXProject section */
		393FA748233F05E500ADBF01 /* Project object */ = {
			isa = PBXProject;
			attributes = {
				LastSwiftUpdateCheck = 1030;
				LastUpgradeCheck = 1030;
				ORGANIZATIONNAME = tk;
				TargetAttributes = {
					393FA74F233F05E500ADBF01 = {
						CreatedOnToolsVersion = 10.3;
					};
				};
			};
			buildConfigurationList = 393FA74B233F05E500ADBF01 /* Build configuration list for PBXProject "asuTask" */;
			compatibilityVersion = "Xcode 9.3";
			developmentRegion = en;
			hasScannedForEncodings = 0;
			knownRegions = (
				en,
				Base,
			);
			mainGroup = 393FA747233F05E500ADBF01;
			productRefGroup = 393FA751233F05E500ADBF01 /* Products */;
			projectDirPath = "";
			projectRoot = "";
			targets = (
				393FA74F233F05E500ADBF01 /* asuTask */,
			);
		};
/* End PBXProject section */

/* Begin PBXResourcesBuildPhase section */
		393FA74E233F05E500ADBF01 /* Resources */ = {
			isa = PBXResourcesBuildPhase;
			buildActionMask = 2147483647;
			files = (
				393FA75E233F05EC00ADBF01 /* LaunchScreen.storyboard in Resources */,
				393FA768234098D900ADBF01 /* Assets.xcassets in Resources */,
				393FA759233F05E500ADBF01 /* Main.storyboard in Resources */,
			);
			runOnlyForDeploymentPostprocessing = 0;
		};
/* End PBXResourcesBuildPhase section */

/* Begin PBXSourcesBuildPhase section */
		393FA74C233F05E500ADBF01 /* Sources */ = {
			isa = PBXSourcesBuildPhase;
			buildActionMask = 2147483647;
			files = (
				3904B96B234600D30048BCA2 /* TaskMemoController.swift in Sources */,
				393A0DA3235200290016DB7B /* TomorrowsViewController.swift in Sources */,
				39E8EAD12393BC770019B0BD /* CheckBox.swift in Sources */,
				39E8EACF2393B0120019B0BD /* CustomTableViewCell.swift in Sources */,
				393FA756233F05E500ADBF01 /* ViewController.swift in Sources */,
				393FA766233F21D600ADBF01 /* NextViewController.swift in Sources */,
				393FA754233F05E500ADBF01 /* AppDelegate.swift in Sources */,
				397CF76C23434D4B0087D9A5 /* DetailViewController.swift in Sources */,
				397D01CD2350714600289A13 /* SettingViewController.swift in Sources */,
			);
			runOnlyForDeploymentPostprocessing = 0;
		};
/* End PBXSourcesBuildPhase section */

/* Begin PBXVariantGroup section */
		393FA757233F05E500ADBF01 /* Main.storyboard */ = {
			isa = PBXVariantGroup;
			children = (
				393FA758233F05E500ADBF01 /* Base */,
			);
			name = Main.storyboard;
			sourceTree = "<group>";
		};
		393FA75C233F05EC00ADBF01 /* LaunchScreen.storyboard */ = {
			isa = PBXVariantGroup;
			children = (
				393FA75D233F05EC00ADBF01 /* Base */,
			);
			name = LaunchScreen.storyboard;
			sourceTree = "<group>";
		};
/* End PBXVariantGroup section */

/* Begin XCBuildConfiguration section */
		393FA760233F05EC00ADBF01 /* Debug */ = {
			isa = XCBuildConfiguration;
			buildSettings = {
				ALWAYS_SEARCH_USER_PATHS = NO;
				CLANG_ANALYZER_NONNULL = YES;
				CLANG_ANALYZER_NUMBER_OBJECT_CONVERSION = YES_AGGRESSIVE;
				CLANG_CXX_LANGUAGE_STANDARD = "gnu++14";
				CLANG_CXX_LIBRARY = "libc++";
				CLANG_ENABLE_MODULES = YES;
				CLANG_ENABLE_OBJC_ARC = YES;
				CLANG_ENABLE_OBJC_WEAK = YES;
				CLANG_WARN_BLOCK_CAPTURE_AUTORELEASING = YES;
				CLANG_WARN_BOOL_CONVERSION = YES;
				CLANG_WARN_COMMA = YES;
				CLANG_WARN_CONSTANT_CONVERSION = YES;
				CLANG_WARN_DEPRECATED_OBJC_IMPLEMENTATIONS = YES;
				CLANG_WARN_DIRECT_OBJC_ISA_USAGE = YES_ERROR;
				CLANG_WARN_DOCUMENTATION_COMMENTS = YES;
				CLANG_WARN_EMPTY_BODY = YES;
				CLANG_WARN_ENUM_CONVERSION = YES;
				CLANG_WARN_INFINITE_RECURSION = YES;
				CLANG_WARN_INT_CONVERSION = YES;
				CLANG_WARN_NON_LITERAL_NULL_CONVERSION = YES;
				CLANG_WARN_OBJC_IMPLICIT_RETAIN_SELF = YES;
				CLANG_WARN_OBJC_LITERAL_CONVERSION = YES;
				CLANG_WARN_OBJC_ROOT_CLASS = YES_ERROR;
				CLANG_WARN_RANGE_LOOP_ANALYSIS = YES;
				CLANG_WARN_STRICT_PROTOTYPES = YES;
				CLANG_WARN_SUSPICIOUS_MOVE = YES;
				CLANG_WARN_UNGUARDED_AVAILABILITY = YES_AGGRESSIVE;
				CLANG_WARN_UNREACHABLE_CODE = YES;
				CLANG_WARN__DUPLICATE_METHOD_MATCH = YES;
				CODE_SIGN_IDENTITY = "iPhone Developer";
				COPY_PHASE_STRIP = NO;
				DEBUG_INFORMATION_FORMAT = dwarf;
				ENABLE_STRICT_OBJC_MSGSEND = YES;
				ENABLE_TESTABILITY = YES;
				GCC_C_LANGUAGE_STANDARD = gnu11;
				GCC_DYNAMIC_NO_PIC = NO;
				GCC_NO_COMMON_BLOCKS = YES;
				GCC_OPTIMIZATION_LEVEL = 0;
				GCC_PREPROCESSOR_DEFINITIONS = (
					"DEBUG=1",
					"$(inherited)",
				);
				GCC_WARN_64_TO_32_BIT_CONVERSION = YES;
				GCC_WARN_ABOUT_RETURN_TYPE = YES_ERROR;
				GCC_WARN_UNDECLARED_SELECTOR = YES;
				GCC_WARN_UNINITIALIZED_AUTOS = YES_AGGRESSIVE;
				GCC_WARN_UNUSED_FUNCTION = YES;
				GCC_WARN_UNUSED_VARIABLE = YES;
				IPHONEOS_DEPLOYMENT_TARGET = 12.4;
				MTL_ENABLE_DEBUG_INFO = INCLUDE_SOURCE;
				MTL_FAST_MATH = YES;
				ONLY_ACTIVE_ARCH = YES;
				SDKROOT = iphoneos;
				SWIFT_ACTIVE_COMPILATION_CONDITIONS = DEBUG;
				SWIFT_OPTIMIZATION_LEVEL = "-Onone";
			};
			name = Debug;
		};
		393FA761233F05EC00ADBF01 /* Release */ = {
			isa = XCBuildConfiguration;
			buildSettings = {
				ALWAYS_SEARCH_USER_PATHS = NO;
				CLANG_ANALYZER_NONNULL = YES;
				CLANG_ANALYZER_NUMBER_OBJECT_CONVERSION = YES_AGGRESSIVE;
				CLANG_CXX_LANGUAGE_STANDARD = "gnu++14";
				CLANG_CXX_LIBRARY = "libc++";
				CLANG_ENABLE_MODULES = YES;
				CLANG_ENABLE_OBJC_ARC = YES;
				CLANG_ENABLE_OBJC_WEAK = YES;
				CLANG_WARN_BLOCK_CAPTURE_AUTORELEASING = YES;
				CLANG_WARN_BOOL_CONVERSION = YES;
				CLANG_WARN_COMMA = YES;
				CLANG_WARN_CONSTANT_CONVERSION = YES;
				CLANG_WARN_DEPRECATED_OBJC_IMPLEMENTATIONS = YES;
				CLANG_WARN_DIRECT_OBJC_ISA_USAGE = YES_ERROR;
				CLANG_WARN_DOCUMENTATION_COMMENTS = YES;
				CLANG_WARN_EMPTY_BODY = YES;
				CLANG_WARN_ENUM_CONVERSION = YES;
				CLANG_WARN_INFINITE_RECURSION = YES;
				CLANG_WARN_INT_CONVERSION = YES;
				CLANG_WARN_NON_LITERAL_NULL_CONVERSION = YES;
				CLANG_WARN_OBJC_IMPLICIT_RETAIN_SELF = YES;
				CLANG_WARN_OBJC_LITERAL_CONVERSION = YES;
				CLANG_WARN_OBJC_ROOT_CLASS = YES_ERROR;
				CLANG_WARN_RANGE_LOOP_ANALYSIS = YES;
				CLANG_WARN_STRICT_PROTOTYPES = YES;
				CLANG_WARN_SUSPICIOUS_MOVE = YES;
				CLANG_WARN_UNGUARDED_AVAILABILITY = YES_AGGRESSIVE;
				CLANG_WARN_UNREACHABLE_CODE = YES;
				CLANG_WARN__DUPLICATE_METHOD_MATCH = YES;
				CODE_SIGN_IDENTITY = "iPhone Developer";
				COPY_PHASE_STRIP = NO;
				DEBUG_INFORMATION_FORMAT = "dwarf-with-dsym";
				ENABLE_NS_ASSERTIONS = NO;
				ENABLE_STRICT_OBJC_MSGSEND = YES;
				GCC_C_LANGUAGE_STANDARD = gnu11;
				GCC_NO_COMMON_BLOCKS = YES;
				GCC_WARN_64_TO_32_BIT_CONVERSION = YES;
				GCC_WARN_ABOUT_RETURN_TYPE = YES_ERROR;
				GCC_WARN_UNDECLARED_SELECTOR = YES;
				GCC_WARN_UNINITIALIZED_AUTOS = YES_AGGRESSIVE;
				GCC_WARN_UNUSED_FUNCTION = YES;
				GCC_WARN_UNUSED_VARIABLE = YES;
				IPHONEOS_DEPLOYMENT_TARGET = 12.4;
				MTL_ENABLE_DEBUG_INFO = NO;
				MTL_FAST_MATH = YES;
				SDKROOT = iphoneos;
				SWIFT_COMPILATION_MODE = wholemodule;
				SWIFT_OPTIMIZATION_LEVEL = "-O";
				VALIDATE_PRODUCT = YES;
			};
			name = Release;
		};
		393FA763233F05EC00ADBF01 /* Debug */ = {
			isa = XCBuildConfiguration;
			buildSettings = {
				ASSETCATALOG_COMPILER_APPICON_NAME = AppIcon;
				CODE_SIGN_STYLE = Automatic;
				DEVELOPMENT_TEAM = UN8UZKY2BZ;
				GCC_OPTIMIZATION_LEVEL = 0;
				"GCC_OPTIMIZATION_LEVEL[arch=*]" = 0;
				INFOPLIST_FILE = asuTask/Info.plist;
				IPHONEOS_DEPLOYMENT_TARGET = 12.4;
				LD_RUNPATH_SEARCH_PATHS = (
					"$(inherited)",
					"@executable_path/Frameworks",
				);
				PRODUCT_BUNDLE_IDENTIFIER = jp.hotmail.oseans.asuTask;
				PRODUCT_NAME = "$(TARGET_NAME)";
				SWIFT_VERSION = 5.0;
				TARGETED_DEVICE_FAMILY = 1;
			};
			name = Debug;
		};
		393FA764233F05EC00ADBF01 /* Release */ = {
			isa = XCBuildConfiguration;
			buildSettings = {
				ASSETCATALOG_COMPILER_APPICON_NAME = AppIcon;
				CODE_SIGN_STYLE = Automatic;
				DEVELOPMENT_TEAM = UN8UZKY2BZ;
				INFOPLIST_FILE = asuTask/Info.plist;
				IPHONEOS_DEPLOYMENT_TARGET = 12.4;
				LD_RUNPATH_SEARCH_PATHS = (
					"$(inherited)",
					"@executable_path/Frameworks",
				);
				PRODUCT_BUNDLE_IDENTIFIER = jp.hotmail.oseans.asuTask;
				PRODUCT_NAME = "$(TARGET_NAME)";
				SWIFT_VERSION = 5.0;
				TARGETED_DEVICE_FAMILY = 1;
			};
			name = Release;
		};
/* End XCBuildConfiguration section */

/* Begin XCConfigurationList section */
		393FA74B233F05E500ADBF01 /* Build configuration list for PBXProject "asuTask" */ = {
			isa = XCConfigurationList;
			buildConfigurations = (
				393FA760233F05EC00ADBF01 /* Debug */,
				393FA761233F05EC00ADBF01 /* Release */,
			);
			defaultConfigurationIsVisible = 0;
			defaultConfigurationName = Release;
		};
		393FA762233F05EC00ADBF01 /* Build configuration list for PBXNativeTarget "asuTask" */ = {
			isa = XCConfigurationList;
			buildConfigurations = (
				393FA763233F05EC00ADBF01 /* Debug */,
				393FA764233F05EC00ADBF01 /* Release */,
			);
			defaultConfigurationIsVisible = 0;
			defaultConfigurationName = Release;
		};
/* End XCConfigurationList section */
	};
	rootObject = 393FA748233F05E500ADBF01 /* Project object */;
}
